{
  "name": "mpris-integration",
  "version": "0.2.0",
  "lockfileVersion": 1,
  "requires": true,
  "dependencies": {
    "@types/firefox-webext-browser": {
      "version": "67.0.1",
      "resolved": "https://registry.npmjs.org/@types/firefox-webext-browser/-/firefox-webext-browser-67.0.1.tgz",
      "integrity": "sha512-+RE7MDu8EQ5EcQe7i0378oCvu1Sf9fEtRdPakYfdcEr79v7wTpO/meQXv9JLqvy7FwM2/9D8cwV7GyclXgRtxA==",
      "dev": true
    }
  }
}
